<Solution>
  <Folder Name="/src/">
    <Project Path="src/GitFork.App/GitFork.App.csproj" />
    <Project Path="src/GitFork.Core/GitFork.Core.csproj" />
  </Folder>
  <Folder Name="/tests/">
    <Project Path="tests/GitFork.App.Tests/GitFork.App.Tests.csproj" />
    <Project Path="tests/GitFork.Core.Tests/GitFork.Core.Tests.csproj" />
  </Folder>
</Solution>
